{
  "name": "exHacker-2",
  "lockfileVersion": 3,
  "requires": true,
  "packages": {
    "": {
      "dependencies": {
        "clsx": "^2.1.1",
        "dotted-map": "^3.1.0",
        "motion": "^12.0.0-alpha.2",
        "tailwind-merge": "^3.6.0"
      }
    },
    "node_modules/@turf/boolean-point-in-polygon": {
      "version": "7.3.5",
      "resolved": "https://registry.npmjs.org/@turf/boolean-point-in-polygon/-/boolean-point-in-polygon-7.3.5.tgz",
      "integrity": "sha512-ba7+B0wzaS9GtERZOoXUZ6oW8IcIJHNQZf3c+tiD9ESjcsPO1Q/4qIJGTKl92nBLhhracHJxMWBM/U6hAVkaRg==",
      "license": "MIT",
      "dependencies": {
        "@turf/helpers": "7.3.5",
        "@turf/invariant": "7.3.5",
        "@types/geojson": "^7946.0.10",
        "point-in-polygon-hao": "^1.1.0",
        "tslib": "^2.8.1"
      },
      "funding": {
        "url": "https://opencollective.com/turf"
      }
    },
    "node_modules/@turf/helpers": {
      "version": "7.3.5",
      "resolved": "https://registry.npmjs.org/@turf/helpers/-/helpers-7.3.5.tgz",
      "integrity": "sha512-E/NMGV5MwbjjP7AJXBtsanC3yY8N2MQ87IGdIgkB2ji5AtBpwnH4L3gEqpYN4RlCJJWbLbzO91BbKv2waUd0eg==",
      "license": "MIT",
      "dependencies": {
        "@types/geojson": "^7946.0.10",
        "tslib": "^2.8.1"
      },
      "funding": {
        "url": "https://opencollective.com/turf"
      }
    },
    "node_modules/@turf/invariant": {
      "version": "7.3.5",
      "resolved": "https://registry.npmjs.org/@turf/invariant/-/invariant-7.3.5.tgz",
      "integrity": "sha512-ZVIvsBvjr8lO7WxC5zYNjRsjSDvyGvWkJMjuWaJjTU8x+1tmfNnw3gDX/TI2Sit83gcRYLYkNo23lB/udqx/Hg==",
      "license": "MIT",
      "dependencies": {
        "@turf/helpers": "7.3.5",
        "@types/geojson": "^7946.0.10",
        "tslib": "^2.8.1"
      },
      "funding": {
        "url": "https://opencollective.com/turf"
      }
    },
    "node_modules/@types/geojson": {
      "version": "7946.0.16",
      "resolved": "https://registry.npmjs.org/@types/geojson/-/geojson-7946.0.16.tgz",
      "integrity": "sha512-6C8nqWur3j98U6+lXDfTUWIfgvZU+EumvpHKcYjujKH7woYyLj2sUmff0tRhrqM7BohUw7Pz3ZB1jj2gW9Fvmg==",
      "license": "MIT"
    },
    "node_modules/clsx": {
      "version": "2.1.1",
      "resolved": "https://registry.npmjs.org/clsx/-/clsx-2.1.1.tgz",
      "integrity": "sha512-eYm0QWBtUrBWZWG0d386OGAw16Z995PiOVo2B7bjWSbHedGl5e0ZWaq65kOGgUSNesEIDkB9ISbTg/JK9dhCZA==",
      "license": "MIT",
      "engines": {
        "node": ">=6"
      }
    },
    "node_modules/dotted-map": {
      "version": "3.1.0",
      "resolved": "https://registry.npmjs.org/dotted-map/-/dotted-map-3.1.0.tgz",
      "integrity": "sha512-E0z9o5IaTf44FnWHvbyg4QQcBwXgzZJr82HJASWb1dKUCULHfnlWKRpfe5EFHTk/yaoS1sQSLMyMrL6o74/sIw==",
      "license": "MIT",
      "dependencies": {
        "@turf/boolean-point-in-polygon": "^7.3.4",
        "proj4": "^2.20.2"
      },
      "engines": {
        "node": ">=18"
      }
    },
    "node_modules/framer-motion": {
      "version": "12.40.0",
      "resolved": "https://registry.npmjs.org/framer-motion/-/framer-motion-12.40.0.tgz",
      "integrity": "sha512-uaBd3qC1v3KQqBEjwTUd183K6PbS+j0yR9w9VmEOLWA/tnUcSn8Xa3uck7t4dgpDoUss8xQTcj8W2L07lrnLFg==",
      "license": "MIT",
      "dependencies": {
        "motion-dom": "^12.40.0",
        "motion-utils": "^12.39.0",
        "tslib": "^2.4.0"
      },
      "peerDependencies": {
        "@emotion/is-prop-valid": "*",
        "react": "^18.0.0 || ^19.0.0",
        "react-dom": "^18.0.0 || ^19.0.0"
      },
      "peerDependenciesMeta": {
        "@emotion/is-prop-valid": {
          "optional": true
        },
        "react": {
          "optional": true
        },
        "react-dom": {
          "optional": true
        }
      }
    },
    "node_modules/mgrs": {
      "version": "1.0.0",
      "resolved": "https://registry.npmjs.org/mgrs/-/mgrs-1.0.0.tgz",
      "integrity": "sha512-awNbTOqCxK1DBGjalK3xqWIstBZgN6fxsMSiXLs9/spqWkF2pAhb2rrYCFSsr1/tT7PhcDGjZndG8SWYn0byYA==",
      "license": "MIT"
    },
    "node_modules/motion": {
      "version": "12.0.0-alpha.2",
      "resolved": "https://registry.npmjs.org/motion/-/motion-12.0.0-alpha.2.tgz",
      "integrity": "sha512-pslRUURjyS1Xb6lSdyc4LzOKhaCRj0PIqstb5dDIB/RxNO3MqSMU43o1rGtZs5h8DgRzRSPHE+E7yhh2NpwI8A==",
      "license": "MIT",
      "dependencies": {
        "framer-motion": "^12.0.0-alpha.2",
        "tslib": "^2.4.0"
      },
      "peerDependencies": {
        "@emotion/is-prop-valid": "*",
        "react": "^19.0.0-rc.1",
        "react-dom": "^19.0.0-rc.1"
      },
      "peerDependenciesMeta": {
        "@emotion/is-prop-valid": {
          "optional": true
        },
        "react": {
          "optional": true
        },
        "react-dom": {
          "optional": true
        }
      }
    },
    "node_modules/motion-dom": {
      "version": "12.40.0",
      "resolved": "https://registry.npmjs.org/motion-dom/-/motion-dom-12.40.0.tgz",
      "integrity": "sha512-HxU3ZaBwNPVQUBQf1xxgq+7JrPNZvjLVxgbpEZL7RrWJnsxOf0/OM+yrHG9ogLQ31Do/r57Oz2gQWPK+6q62mg==",
      "license": "MIT",
      "dependencies": {
        "motion-utils": "^12.39.0"
      }
    },
    "node_modules/motion-utils": {
      "version": "12.39.0",
      "resolved": "https://registry.npmjs.org/motion-utils/-/motion-utils-12.39.0.tgz",
      "integrity": "sha512-8nadJAJjTtqRkmRF36FoJTrywK9nnFmnPwnSMyxaOCU7GDjN9RTMJIxx9De8ErM+vpPhMccr/6fo5WciyQLnMQ==",
      "license": "MIT"
    },
    "node_modules/point-in-polygon-hao": {
      "version": "1.2.4",
      "resolved": "https://registry.npmjs.org/point-in-polygon-hao/-/point-in-polygon-hao-1.2.4.tgz",
      "integrity": "sha512-x2pcvXeqhRHlNRdhLs/tgFapAbSSe86wa/eqmj1G6pWftbEs5aVRJhRGM6FYSUERKu0PjekJzMq0gsI2XyiclQ==",
      "license": "MIT",
      "dependencies": {
        "robust-predicates": "^3.0.2"
      }
    },
    "node_modules/proj4": {
      "version": "2.20.9",
      "resolved": "https://registry.npmjs.org/proj4/-/proj4-2.20.9.tgz",
      "integrity": "sha512-GLBGqXaTcdWnppre3o1sMmy4DcMGSGq/ng+9k2MTNddarRK6SveINqlqYzi3xEXuy06ljY1TTrC6H9C4f360IQ==",
      "license": "MIT",
      "dependencies": {
        "mgrs": "1.0.0",
        "wkt-parser": "^1.5.5"
      },
      "funding": {
        "url": "https://github.com/sponsors/ahocevar"
      },
      "peerDependencies": {
        "geotiff": "*"
      },
      "peerDependenciesMeta": {
        "geotiff": {
          "optional": true
        }
      }
    },
    "node_modules/robust-predicates": {
      "version": "3.0.3",
      "resolved": "https://registry.npmjs.org/robust-predicates/-/robust-predicates-3.0.3.tgz",
      "integrity": "sha512-NS3levdsRIUOmiJ8FZWCP7LG3QpJyrs/TE0Zpf1yvZu8cAJJ6QMW92H1c7kWpdIHo8RvmLxN/o2JXTKHp74lUA==",
      "license": "Unlicense"
    },
    "node_modules/tailwind-merge": {
      "version": "3.6.0",
      "resolved": "https://registry.npmjs.org/tailwind-merge/-/tailwind-merge-3.6.0.tgz",
      "integrity": "sha512-uxL7qAVQriqRQPAyK3pj66VqskWqoZ37PW94jwOTwNfq/z9oyu1V+eqrZqtR2+fCiXdYOZe/Modt8GtvqNzu+w==",
      "license": "MIT",
      "funding": {
        "type": "github",
        "url": "https://github.com/sponsors/dcastil"
      }
    },
    "node_modules/tslib": {
      "version": "2.8.1",
      "resolved": "https://registry.npmjs.org/tslib/-/tslib-2.8.1.tgz",
      "integrity": "sha512-oJFu94HQb+KVduSUQL7wnpmqnfmLsOA/nAh6b6EH0wCEoK0/mPeXU6c3wKDV83MkOuHPRHtSXKKU99IBazS/2w==",
      "license": "0BSD"
    },
    "node_modules/wkt-parser": {
      "version": "1.5.5",
      "resolved": "https://registry.npmjs.org/wkt-parser/-/wkt-parser-1.5.5.tgz",
      "integrity": "sha512-/zMYi94/7D7fxcOSlVmWn6vnOMj3Gq5d1xvVjaYOS9n6h0qOJ4I7YYVxBWYcH1vq9+suhqzXkn05Yx47zQNUIA==",
      "license": "MIT",
      "funding": {
        "url": "https://github.com/sponsors/ahocevar"
      }
    }
  }
}
